
Microsoft Visual Studio Solution File, Format Version 12.00
# Visual Studio 15
VisualStudioVersion = 15.0.26730.12
MinimumVisualStudioVersion = 10.0.40219.1
Project("{FAE04EC0-301F-11D3-BF4B-00C04F79EFBC}") = "Relaties", "Relaties\Relaties.csproj", "{05374362-208D-40F0-8635-725D0F849771}"
EndProject
Project("{FAE04EC0-301F-11D3-BF4B-00C04F79EFBC}") = "Relaties.Tests", "Relaties.Tests\Relaties.Tests.csproj", "{4D4D83FF-26AA-49DC-8A8C-5F599078E921}"
EndProject
Global
	GlobalSection(SolutionConfigurationPlatforms) = preSolution
		Debug|Any CPU = Debug|Any CPU
		Release|Any CPU = Release|Any CPU
	EndGlobalSection
	GlobalSection(ProjectConfigurationPlatforms) = postSolution
		{05374362-208D-40F0-8635-725D0F849771}.Debug|Any CPU.ActiveCfg = Debug|Any CPU
		{05374362-208D-40F0-8635-725D0F849771}.Debug|Any CPU.Build.0 = Debug|Any CPU
		{05374362-208D-40F0-8635-725D0F849771}.Release|Any CPU.ActiveCfg = Release|Any CPU
		{05374362-208D-40F0-8635-725D0F849771}.Release|Any CPU.Build.0 = Release|Any CPU
		{4D4D83FF-26AA-49DC-8A8C-5F599078E921}.Debug|Any CPU.ActiveCfg = Debug|Any CPU
		{4D4D83FF-26AA-49DC-8A8C-5F599078E921}.Debug|Any CPU.Build.0 = Debug|Any CPU
		{4D4D83FF-26AA-49DC-8A8C-5F599078E921}.Release|Any CPU.ActiveCfg = Release|Any CPU
		{4D4D83FF-26AA-49DC-8A8C-5F599078E921}.Release|Any CPU.Build.0 = Release|Any CPU
	EndGlobalSection
	GlobalSection(SolutionProperties) = preSolution
		HideSolutionNode = FALSE
	EndGlobalSection
	GlobalSection(ExtensibilityGlobals) = postSolution
		SolutionGuid = {148EF699-2AD5-493E-AAF8-E61B12D77E36}
	EndGlobalSection
	GlobalSection(TeamFoundationVersionControl) = preSolution
		SccNumberOfProjects = 3
		SccEnterpriseProvider = {4CA58AB2-18FA-4F8D-95D4-32DDF27D184C}
		SccTeamFoundationServer = https://asuske.visualstudio.com/
		SccLocalPath0 = .
		SccProjectUniqueName1 = Relaties.Tests\\Relaties.Tests.csproj
		SccProjectName1 = Relaties.Tests
		SccLocalPath1 = Relaties.Tests
		SccProjectUniqueName2 = Relaties\\Relaties.csproj
		SccProjectName2 = Relaties
		SccLocalPath2 = Relaties
	EndGlobalSection
EndGlobal
